
Microsoft Visual Studio Solution File, Format Version 12.00
# Visual Studio 15
VisualStudioVersion = 15.0.26124.0
MinimumVisualStudioVersion = 15.0.26124.0
Project("{2150E333-8FDC-42A3-9474-1A3956D46DE8}") = "Services", "Services", "{E281ECC2-51F5-4083-9B1A-358516A64964}"
EndProject
Project("{2150E333-8FDC-42A3-9474-1A3956D46DE8}") = "Catalog", "Catalog", "{29D8DAEE-D1EF-4601-9F32-3DE540BA595F}"
EndProject
Project("{FAE04EC0-301F-11D3-BF4B-00C04F79EFBC}") = "Catalog.API", "Services\Catalog\Catalog.API\Catalog.API.csproj", "{36320478-CB46-4B3A-9A25-974539583F7E}"
EndProject
Project("{2150E333-8FDC-42A3-9474-1A3956D46DE8}") = "Basket", "Basket", "{8D6DD746-69DF-4E1C-8253-E895A7787760}"
EndProject
Project("{FAE04EC0-301F-11D3-BF4B-00C04F79EFBC}") = "Basket.API", "Services\Basket\Basket.API\Basket.API.csproj", "{64155F85-D39B-4312-B34F-16F43E365A08}"
EndProject
Project("{2150E333-8FDC-42A3-9474-1A3956D46DE8}") = "Discount", "Discount", "{8925A371-F91A-4F76-B220-8DF7EC3C383C}"
EndProject
Project("{FAE04EC0-301F-11D3-BF4B-00C04F79EFBC}") = "Discount.API", "Services\Discount\Discount.API\Discount.API.csproj", "{636EC537-FD99-4980-8821-D96103F947E1}"
EndProject
Project("{FAE04EC0-301F-11D3-BF4B-00C04F79EFBC}") = "Discount.Grpc", "Services\Discount\Discount.Grpc\Discount.Grpc.csproj", "{92CBCAE5-4411-46B8-A6F4-0ED88A8C9477}"
EndProject
Project("{2150E333-8FDC-42A3-9474-1A3956D46DE8}") = "Ordering", "Ordering", "{50F0F1F1-B8F9-44E1-92A0-915C06ABD6DA}"
EndProject
Project("{FAE04EC0-301F-11D3-BF4B-00C04F79EFBC}") = "Ordering.API", "Services\Ordering\Ordering.API\Ordering.API.csproj", "{985CF309-550B-4D95-A9FF-A3AFD2B05AED}"
EndProject
Project("{FAE04EC0-301F-11D3-BF4B-00C04F79EFBC}") = "Ordering.Application", "Services\Ordering\Ordering.Application\Ordering.Application.csproj", "{39DDCDDB-5901-4E99-B2E9-B69E69AAA9C3}"
EndProject
Project("{FAE04EC0-301F-11D3-BF4B-00C04F79EFBC}") = "Ordering.Domain", "Services\Ordering\Ordering.Domain\Ordering.Domain.csproj", "{91C3EDCE-0022-4BFB-B398-B4EED380BE34}"
EndProject
Project("{FAE04EC0-301F-11D3-BF4B-00C04F79EFBC}") = "Ordering.Infrastructure", "Services\Ordering\Ordering.Infrastructure\Ordering.Infrastructure.csproj", "{0DAF6173-82B2-441D-B263-5404BE927420}"
EndProject
Project("{2150E333-8FDC-42A3-9474-1A3956D46DE8}") = "BuildingBlocks", "BuildingBlocks", "{EC77AC06-63AF-469F-89B4-0F40976C5992}"
EndProject
Project("{FAE04EC0-301F-11D3-BF4B-00C04F79EFBC}") = "EventBus.Messages", "BuildingBlocks\EventBus.Messages\EventBus.Messages.csproj", "{4C38276D-1501-48D1-A026-C54940FCD1B9}"
EndProject
Project("{2150E333-8FDC-42A3-9474-1A3956D46DE8}") = "ApiGateways", "ApiGateways", "{F6BA5B8D-F2CC-4801-A479-82C118A94634}"
EndProject
Project("{FAE04EC0-301F-11D3-BF4B-00C04F79EFBC}") = "OcelotApiGw", "ApiGateways\OcelotApiGw\OcelotApiGw.csproj", "{5241A61F-D578-43AF-BCBC-9A272EF3869E}"
EndProject
Project("{FAE04EC0-301F-11D3-BF4B-00C04F79EFBC}") = "Shopping.Aggregator", "ApiGateways\Shopping.Aggregator\Shopping.Aggregator.csproj", "{9D30CD92-18AD-4E95-8609-500CF8526DD7}"
EndProject
Project("{2150E333-8FDC-42A3-9474-1A3956D46DE8}") = "WebApps", "WebApps", "{3930E728-4941-4210-8100-A065DC71E9BF}"
EndProject
Project("{FAE04EC0-301F-11D3-BF4B-00C04F79EFBC}") = "AspnetRunBasics", "WebApps\AspnetRunBasics\AspnetRunBasics.csproj", "{F29BF9BE-5E64-4889-B0A2-11EADB177406}"
EndProject
Project("{FAE04EC0-301F-11D3-BF4B-00C04F79EFBC}") = "Common.Logging", "BuildingBlocks\Common.Logging\Common.Logging.csproj", "{7A8A8AA1-427F-4C98-ACA8-80E110469530}"
EndProject
Project("{FAE04EC0-301F-11D3-BF4B-00C04F79EFBC}") = "WebStatus", "WebApps\WebStatus\WebStatus.csproj", "{4B6F1526-693B-4AB7-8231-C5A149C28C73}"
EndProject
Global
	GlobalSection(SolutionConfigurationPlatforms) = preSolution
		Debug|Any CPU = Debug|Any CPU
		Debug|x64 = Debug|x64
		Debug|x86 = Debug|x86
		Release|Any CPU = Release|Any CPU
		Release|x64 = Release|x64
		Release|x86 = Release|x86
	EndGlobalSection
	GlobalSection(SolutionProperties) = preSolution
		HideSolutionNode = FALSE
	EndGlobalSection
	GlobalSection(ProjectConfigurationPlatforms) = postSolution
		{36320478-CB46-4B3A-9A25-974539583F7E}.Debug|Any CPU.ActiveCfg = Debug|Any CPU
		{36320478-CB46-4B3A-9A25-974539583F7E}.Debug|Any CPU.Build.0 = Debug|Any CPU
		{36320478-CB46-4B3A-9A25-974539583F7E}.Debug|x64.ActiveCfg = Debug|Any CPU
		{36320478-CB46-4B3A-9A25-974539583F7E}.Debug|x64.Build.0 = Debug|Any CPU
		{36320478-CB46-4B3A-9A25-974539583F7E}.Debug|x86.ActiveCfg = Debug|Any CPU
		{36320478-CB46-4B3A-9A25-974539583F7E}.Debug|x86.Build.0 = Debug|Any CPU
		{36320478-CB46-4B3A-9A25-974539583F7E}.Release|Any CPU.ActiveCfg = Release|Any CPU
		{36320478-CB46-4B3A-9A25-974539583F7E}.Release|Any CPU.Build.0 = Release|Any CPU
		{36320478-CB46-4B3A-9A25-974539583F7E}.Release|x64.ActiveCfg = Release|Any CPU
		{36320478-CB46-4B3A-9A25-974539583F7E}.Release|x64.Build.0 = Release|Any CPU
		{36320478-CB46-4B3A-9A25-974539583F7E}.Release|x86.ActiveCfg = Release|Any CPU
		{36320478-CB46-4B3A-9A25-974539583F7E}.Release|x86.Build.0 = Release|Any CPU
		{64155F85-D39B-4312-B34F-16F43E365A08}.Debug|Any CPU.ActiveCfg = Debug|Any CPU
		{64155F85-D39B-4312-B34F-16F43E365A08}.Debug|Any CPU.Build.0 = Debug|Any CPU
		{64155F85-D39B-4312-B34F-16F43E365A08}.Debug|x64.ActiveCfg = Debug|Any CPU
		{64155F85-D39B-4312-B34F-16F43E365A08}.Debug|x64.Build.0 = Debug|Any CPU
		{64155F85-D39B-4312-B34F-16F43E365A08}.Debug|x86.ActiveCfg = Debug|Any CPU
		{64155F85-D39B-4312-B34F-16F43E365A08}.Debug|x86.Build.0 = Debug|Any CPU
		{64155F85-D39B-4312-B34F-16F43E365A08}.Release|Any CPU.ActiveCfg = Release|Any CPU
		{64155F85-D39B-4312-B34F-16F43E365A08}.Release|Any CPU.Build.0 = Release|Any CPU
		{64155F85-D39B-4312-B34F-16F43E365A08}.Release|x64.ActiveCfg = Release|Any CPU
		{64155F85-D39B-4312-B34F-16F43E365A08}.Release|x64.Build.0 = Release|Any CPU
		{64155F85-D39B-4312-B34F-16F43E365A08}.Release|x86.ActiveCfg = Release|Any CPU
		{64155F85-D39B-4312-B34F-16F43E365A08}.Release|x86.Build.0 = Release|Any CPU
		{636EC537-FD99-4980-8821-D96103F947E1}.Debug|Any CPU.ActiveCfg = Debug|Any CPU
		{636EC537-FD99-4980-8821-D96103F947E1}.Debug|Any CPU.Build.0 = Debug|Any CPU
		{636EC537-FD99-4980-8821-D96103F947E1}.Debug|x64.ActiveCfg = Debug|Any CPU
		{636EC537-FD99-4980-8821-D96103F947E1}.Debug|x64.Build.0 = Debug|Any CPU
		{636EC537-FD99-4980-8821-D96103F947E1}.Debug|x86.ActiveCfg = Debug|Any CPU
		{636EC537-FD99-4980-8821-D96103F947E1}.Debug|x86.Build.0 = Debug|Any CPU
		{636EC537-FD99-4980-8821-D96103F947E1}.Release|Any CPU.ActiveCfg = Release|Any CPU
		{636EC537-FD99-4980-8821-D96103F947E1}.Release|Any CPU.Build.0 = Release|Any CPU
		{636EC537-FD99-4980-8821-D96103F947E1}.Release|x64.ActiveCfg = Release|Any CPU
		{636EC537-FD99-4980-8821-D96103F947E1}.Release|x64.Build.0 = Release|Any CPU
		{636EC537-FD99-4980-8821-D96103F947E1}.Release|x86.ActiveCfg = Release|Any CPU
		{636EC537-FD99-4980-8821-D96103F947E1}.Release|x86.Build.0 = Release|Any CPU
		{92CBCAE5-4411-46B8-A6F4-0ED88A8C9477}.Debug|Any CPU.ActiveCfg = Debug|Any CPU
		{92CBCAE5-4411-46B8-A6F4-0ED88A8C9477}.Debug|Any CPU.Build.0 = Debug|Any CPU
		{92CBCAE5-4411-46B8-A6F4-0ED88A8C9477}.Debug|x64.ActiveCfg = Debug|Any CPU
		{92CBCAE5-4411-46B8-A6F4-0ED88A8C9477}.Debug|x64.Build.0 = Debug|Any CPU
		{92CBCAE5-4411-46B8-A6F4-0ED88A8C9477}.Debug|x86.ActiveCfg = Debug|Any CPU
		{92CBCAE5-4411-46B8-A6F4-0ED88A8C9477}.Debug|x86.Build.0 = Debug|Any CPU
		{92CBCAE5-4411-46B8-A6F4-0ED88A8C9477}.Release|Any CPU.ActiveCfg = Release|Any CPU
		{92CBCAE5-4411-46B8-A6F4-0ED88A8C9477}.Release|Any CPU.Build.0 = Release|Any CPU
		{92CBCAE5-4411-46B8-A6F4-0ED88A8C9477}.Release|x64.ActiveCfg = Release|Any CPU
		{92CBCAE5-4411-46B8-A6F4-0ED88A8C9477}.Release|x64.Build.0 = Release|Any CPU
		{92CBCAE5-4411-46B8-A6F4-0ED88A8C9477}.Release|x86.ActiveCfg = Release|Any CPU
		{92CBCAE5-4411-46B8-A6F4-0ED88A8C9477}.Release|x86.Build.0 = Release|Any CPU
		{985CF309-550B-4D95-A9FF-A3AFD2B05AED}.Debug|Any CPU.ActiveCfg = Debug|Any CPU
		{985CF309-550B-4D95-A9FF-A3AFD2B05AED}.Debug|Any CPU.Build.0 = Debug|Any CPU
		{985CF309-550B-4D95-A9FF-A3AFD2B05AED}.Debug|x64.ActiveCfg = Debug|Any CPU
		{985CF309-550B-4D95-A9FF-A3AFD2B05AED}.Debug|x64.Build.0 = Debug|Any CPU
		{985CF309-550B-4D95-A9FF-A3AFD2B05AED}.Debug|x86.ActiveCfg = Debug|Any CPU
		{985CF309-550B-4D95-A9FF-A3AFD2B05AED}.Debug|x86.Build.0 = Debug|Any CPU
		{985CF309-550B-4D95-A9FF-A3AFD2B05AED}.Release|Any CPU.ActiveCfg = Release|Any CPU
		{985CF309-550B-4D95-A9FF-A3AFD2B05AED}.Release|Any CPU.Build.0 = Release|Any CPU
		{985CF309-550B-4D95-A9FF-A3AFD2B05AED}.Release|x64.ActiveCfg = Release|Any CPU
		{985CF309-550B-4D95-A9FF-A3AFD2B05AED}.Release|x64.Build.0 = Release|Any CPU
		{985CF309-550B-4D95-A9FF-A3AFD2B05AED}.Release|x86.ActiveCfg = Release|Any CPU
		{985CF309-550B-4D95-A9FF-A3AFD2B05AED}.Release|x86.Build.0 = Release|Any CPU
		{39DDCDDB-5901-4E99-B2E9-B69E69AAA9C3}.Debug|Any CPU.ActiveCfg = Debug|Any CPU
		{39DDCDDB-5901-4E99-B2E9-B69E69AAA9C3}.Debug|Any CPU.Build.0 = Debug|Any CPU
		{39DDCDDB-5901-4E99-B2E9-B69E69AAA9C3}.Debug|x64.ActiveCfg = Debug|Any CPU
		{39DDCDDB-5901-4E99-B2E9-B69E69AAA9C3}.Debug|x64.Build.0 = Debug|Any CPU
		{39DDCDDB-5901-4E99-B2E9-B69E69AAA9C3}.Debug|x86.ActiveCfg = Debug|Any CPU
		{39DDCDDB-5901-4E99-B2E9-B69E69AAA9C3}.Debug|x86.Build.0 = Debug|Any CPU
		{39DDCDDB-5901-4E99-B2E9-B69E69AAA9C3}.Release|Any CPU.ActiveCfg = Release|Any CPU
		{39DDCDDB-5901-4E99-B2E9-B69E69AAA9C3}.Release|Any CPU.Build.0 = Release|Any CPU
		{39DDCDDB-5901-4E99-B2E9-B69E69AAA9C3}.Release|x64.ActiveCfg = Release|Any CPU
		{39DDCDDB-5901-4E99-B2E9-B69E69AAA9C3}.Release|x64.Build.0 = Release|Any CPU
		{39DDCDDB-5901-4E99-B2E9-B69E69AAA9C3}.Release|x86.ActiveCfg = Release|Any CPU
		{39DDCDDB-5901-4E99-B2E9-B69E69AAA9C3}.Release|x86.Build.0 = Release|Any CPU
		{91C3EDCE-0022-4BFB-B398-B4EED380BE34}.Debug|Any CPU.ActiveCfg = Debug|Any CPU
		{91C3EDCE-0022-4BFB-B398-B4EED380BE34}.Debug|Any CPU.Build.0 = Debug|Any CPU
		{91C3EDCE-0022-4BFB-B398-B4EED380BE34}.Debug|x64.ActiveCfg = Debug|Any CPU
		{91C3EDCE-0022-4BFB-B398-B4EED380BE34}.Debug|x64.Build.0 = Debug|Any CPU
		{91C3EDCE-0022-4BFB-B398-B4EED380BE34}.Debug|x86.ActiveCfg = Debug|Any CPU
		{91C3EDCE-0022-4BFB-B398-B4EED380BE34}.Debug|x86.Build.0 = Debug|Any CPU
		{91C3EDCE-0022-4BFB-B398-B4EED380BE34}.Release|Any CPU.ActiveCfg = Release|Any CPU
		{91C3EDCE-0022-4BFB-B398-B4EED380BE34}.Release|Any CPU.Build.0 = Release|Any CPU
		{91C3EDCE-0022-4BFB-B398-B4EED380BE34}.Release|x64.ActiveCfg = Release|Any CPU
		{91C3EDCE-0022-4BFB-B398-B4EED380BE34}.Release|x64.Build.0 = Release|Any CPU
		{91C3EDCE-0022-4BFB-B398-B4EED380BE34}.Release|x86.ActiveCfg = Release|Any CPU
		{91C3EDCE-0022-4BFB-B398-B4EED380BE34}.Release|x86.Build.0 = Release|Any CPU
		{0DAF6173-82B2-441D-B263-5404BE927420}.Debug|Any CPU.ActiveCfg = Debug|Any CPU
		{0DAF6173-82B2-441D-B263-5404BE927420}.Debug|Any CPU.Build.0 = Debug|Any CPU
		{0DAF6173-82B2-441D-B263-5404BE927420}.Debug|x64.ActiveCfg = Debug|Any CPU
		{0DAF6173-82B2-441D-B263-5404BE927420}.Debug|x64.Build.0 = Debug|Any CPU
		{0DAF6173-82B2-441D-B263-5404BE927420}.Debug|x86.ActiveCfg = Debug|Any CPU
		{0DAF6173-82B2-441D-B263-5404BE927420}.Debug|x86.Build.0 = Debug|Any CPU
		{0DAF6173-82B2-441D-B263-5404BE927420}.Release|Any CPU.ActiveCfg = Release|Any CPU
		{0DAF6173-82B2-441D-B263-5404BE927420}.Release|Any CPU.Build.0 = Release|Any CPU
		{0DAF6173-82B2-441D-B263-5404BE927420}.Release|x64.ActiveCfg = Release|Any CPU
		{0DAF6173-82B2-441D-B263-5404BE927420}.Release|x64.Build.0 = Release|Any CPU
		{0DAF6173-82B2-441D-B263-5404BE927420}.Release|x86.ActiveCfg = Release|Any CPU
		{0DAF6173-82B2-441D-B263-5404BE927420}.Release|x86.Build.0 = Release|Any CPU
		{4C38276D-1501-48D1-A026-C54940FCD1B9}.Debug|Any CPU.ActiveCfg = Debug|Any CPU
		{4C38276D-1501-48D1-A026-C54940FCD1B9}.Debug|Any CPU.Build.0 = Debug|Any CPU
		{4C38276D-1501-48D1-A026-C54940FCD1B9}.Debug|x64.ActiveCfg = Debug|Any CPU
		{4C38276D-1501-48D1-A026-C54940FCD1B9}.Debug|x64.Build.0 = Debug|Any CPU
		{4C38276D-1501-48D1-A026-C54940FCD1B9}.Debug|x86.ActiveCfg = Debug|Any CPU
		{4C38276D-1501-48D1-A026-C54940FCD1B9}.Debug|x86.Build.0 = Debug|Any CPU
		{4C38276D-1501-48D1-A026-C54940FCD1B9}.Release|Any CPU.ActiveCfg = Release|Any CPU
		{4C38276D-1501-48D1-A026-C54940FCD1B9}.Release|Any CPU.Build.0 = Release|Any CPU
		{4C38276D-1501-48D1-A026-C54940FCD1B9}.Release|x64.ActiveCfg = Release|Any CPU
		{4C38276D-1501-48D1-A026-C54940FCD1B9}.Release|x64.Build.0 = Release|Any CPU
		{4C38276D-1501-48D1-A026-C54940FCD1B9}.Release|x86.ActiveCfg = Release|Any CPU
		{4C38276D-1501-48D1-A026-C54940FCD1B9}.Release|x86.Build.0 = Release|Any CPU
		{5241A61F-D578-43AF-BCBC-9A272EF3869E}.Debug|Any CPU.ActiveCfg = Debug|Any CPU
		{5241A61F-D578-43AF-BCBC-9A272EF3869E}.Debug|Any CPU.Build.0 = Debug|Any CPU
		{5241A61F-D578-43AF-BCBC-9A272EF3869E}.Debug|x64.ActiveCfg = Debug|Any CPU
		{5241A61F-D578-43AF-BCBC-9A272EF3869E}.Debug|x64.Build.0 = Debug|Any CPU
		{5241A61F-D578-43AF-BCBC-9A272EF3869E}.Debug|x86.ActiveCfg = Debug|Any CPU
		{5241A61F-D578-43AF-BCBC-9A272EF3869E}.Debug|x86.Build.0 = Debug|Any CPU
		{5241A61F-D578-43AF-BCBC-9A272EF3869E}.Release|Any CPU.ActiveCfg = Release|Any CPU
		{5241A61F-D578-43AF-BCBC-9A272EF3869E}.Release|Any CPU.Build.0 = Release|Any CPU
		{5241A61F-D578-43AF-BCBC-9A272EF3869E}.Release|x64.ActiveCfg = Release|Any CPU
		{5241A61F-D578-43AF-BCBC-9A272EF3869E}.Release|x64.Build.0 = Release|Any CPU
		{5241A61F-D578-43AF-BCBC-9A272EF3869E}.Release|x86.ActiveCfg = Release|Any CPU
		{5241A61F-D578-43AF-BCBC-9A272EF3869E}.Release|x86.Build.0 = Release|Any CPU
		{9D30CD92-18AD-4E95-8609-500CF8526DD7}.Debug|Any CPU.ActiveCfg = Debug|Any CPU
		{9D30CD92-18AD-4E95-8609-500CF8526DD7}.Debug|Any CPU.Build.0 = Debug|Any CPU
		{9D30CD92-18AD-4E95-8609-500CF8526DD7}.Debug|x64.ActiveCfg = Debug|Any CPU
		{9D30CD92-18AD-4E95-8609-500CF8526DD7}.Debug|x64.Build.0 = Debug|Any CPU
		{9D30CD92-18AD-4E95-8609-500CF8526DD7}.Debug|x86.ActiveCfg = Debug|Any CPU
		{9D30CD92-18AD-4E95-8609-500CF8526DD7}.Debug|x86.Build.0 = Debug|Any CPU
		{9D30CD92-18AD-4E95-8609-500CF8526DD7}.Release|Any CPU.ActiveCfg = Release|Any CPU
		{9D30CD92-18AD-4E95-8609-500CF8526DD7}.Release|Any CPU.Build.0 = Release|Any CPU
		{9D30CD92-18AD-4E95-8609-500CF8526DD7}.Release|x64.ActiveCfg = Release|Any CPU
		{9D30CD92-18AD-4E95-8609-500CF8526DD7}.Release|x64.Build.0 = Release|Any CPU
		{9D30CD92-18AD-4E95-8609-500CF8526DD7}.Release|x86.ActiveCfg = Release|Any CPU
		{9D30CD92-18AD-4E95-8609-500CF8526DD7}.Release|x86.Build.0 = Release|Any CPU
		{F29BF9BE-5E64-4889-B0A2-11EADB177406}.Debug|Any CPU.ActiveCfg = Debug|Any CPU
		{F29BF9BE-5E64-4889-B0A2-11EADB177406}.Debug|Any CPU.Build.0 = Debug|Any CPU
		{F29BF9BE-5E64-4889-B0A2-11EADB177406}.Debug|x64.ActiveCfg = Debug|Any CPU
		{F29BF9BE-5E64-4889-B0A2-11EADB177406}.Debug|x64.Build.0 = Debug|Any CPU
		{F29BF9BE-5E64-4889-B0A2-11EADB177406}.Debug|x86.ActiveCfg = Debug|Any CPU
		{F29BF9BE-5E64-4889-B0A2-11EADB177406}.Debug|x86.Build.0 = Debug|Any CPU
		{F29BF9BE-5E64-4889-B0A2-11EADB177406}.Release|Any CPU.ActiveCfg = Release|Any CPU
		{F29BF9BE-5E64-4889-B0A2-11EADB177406}.Release|Any CPU.Build.0 = Release|Any CPU
		{F29BF9BE-5E64-4889-B0A2-11EADB177406}.Release|x64.ActiveCfg = Release|Any CPU
		{F29BF9BE-5E64-4889-B0A2-11EADB177406}.Release|x64.Build.0 = Release|Any CPU
		{F29BF9BE-5E64-4889-B0A2-11EADB177406}.Release|x86.ActiveCfg = Release|Any CPU
		{F29BF9BE-5E64-4889-B0A2-11EADB177406}.Release|x86.Build.0 = Release|Any CPU
		{7A8A8AA1-427F-4C98-ACA8-80E110469530}.Debug|Any CPU.ActiveCfg = Debug|Any CPU
		{7A8A8AA1-427F-4C98-ACA8-80E110469530}.Debug|Any CPU.Build.0 = Debug|Any CPU
		{7A8A8AA1-427F-4C98-ACA8-80E110469530}.Debug|x64.ActiveCfg = Debug|Any CPU
		{7A8A8AA1-427F-4C98-ACA8-80E110469530}.Debug|x64.Build.0 = Debug|Any CPU
		{7A8A8AA1-427F-4C98-ACA8-80E110469530}.Debug|x86.ActiveCfg = Debug|Any CPU
		{7A8A8AA1-427F-4C98-ACA8-80E110469530}.Debug|x86.Build.0 = Debug|Any CPU
		{7A8A8AA1-427F-4C98-ACA8-80E110469530}.Release|Any CPU.ActiveCfg = Release|Any CPU
		{7A8A8AA1-427F-4C98-ACA8-80E110469530}.Release|Any CPU.Build.0 = Release|Any CPU
		{7A8A8AA1-427F-4C98-ACA8-80E110469530}.Release|x64.ActiveCfg = Release|Any CPU
		{7A8A8AA1-427F-4C98-ACA8-80E110469530}.Release|x64.Build.0 = Release|Any CPU
		{7A8A8AA1-427F-4C98-ACA8-80E110469530}.Release|x86.ActiveCfg = Release|Any CPU
		{7A8A8AA1-427F-4C98-ACA8-80E110469530}.Release|x86.Build.0 = Release|Any CPU
		{4B6F1526-693B-4AB7-8231-C5A149C28C73}.Debug|Any CPU.ActiveCfg = Debug|Any CPU
		{4B6F1526-693B-4AB7-8231-C5A149C28C73}.Debug|Any CPU.Build.0 = Debug|Any CPU
		{4B6F1526-693B-4AB7-8231-C5A149C28C73}.Debug|x64.ActiveCfg = Debug|Any CPU
		{4B6F1526-693B-4AB7-8231-C5A149C28C73}.Debug|x64.Build.0 = Debug|Any CPU
		{4B6F1526-693B-4AB7-8231-C5A149C28C73}.Debug|x86.ActiveCfg = Debug|Any CPU
		{4B6F1526-693B-4AB7-8231-C5A149C28C73}.Debug|x86.Build.0 = Debug|Any CPU
		{4B6F1526-693B-4AB7-8231-C5A149C28C73}.Release|Any CPU.ActiveCfg = Release|Any CPU
		{4B6F1526-693B-4AB7-8231-C5A149C28C73}.Release|Any CPU.Build.0 = Release|Any CPU
		{4B6F1526-693B-4AB7-8231-C5A149C28C73}.Release|x64.ActiveCfg = Release|Any CPU
		{4B6F1526-693B-4AB7-8231-C5A149C28C73}.Release|x64.Build.0 = Release|Any CPU
		{4B6F1526-693B-4AB7-8231-C5A149C28C73}.Release|x86.ActiveCfg = Release|Any CPU
		{4B6F1526-693B-4AB7-8231-C5A149C28C73}.Release|x86.Build.0 = Release|Any CPU
	EndGlobalSection
	GlobalSection(NestedProjects) = preSolution
		{29D8DAEE-D1EF-4601-9F32-3DE540BA595F} = {E281ECC2-51F5-4083-9B1A-358516A64964}
		{36320478-CB46-4B3A-9A25-974539583F7E} = {29D8DAEE-D1EF-4601-9F32-3DE540BA595F}
		{8D6DD746-69DF-4E1C-8253-E895A7787760} = {E281ECC2-51F5-4083-9B1A-358516A64964}
		{64155F85-D39B-4312-B34F-16F43E365A08} = {8D6DD746-69DF-4E1C-8253-E895A7787760}
		{8925A371-F91A-4F76-B220-8DF7EC3C383C} = {E281ECC2-51F5-4083-9B1A-358516A64964}
		{636EC537-FD99-4980-8821-D96103F947E1} = {8925A371-F91A-4F76-B220-8DF7EC3C383C}
		{92CBCAE5-4411-46B8-A6F4-0ED88A8C9477} = {8925A371-F91A-4F76-B220-8DF7EC3C383C}
		{50F0F1F1-B8F9-44E1-92A0-915C06ABD6DA} = {E281ECC2-51F5-4083-9B1A-358516A64964}
		{985CF309-550B-4D95-A9FF-A3AFD2B05AED} = {50F0F1F1-B8F9-44E1-92A0-915C06ABD6DA}
		{39DDCDDB-5901-4E99-B2E9-B69E69AAA9C3} = {50F0F1F1-B8F9-44E1-92A0-915C06ABD6DA}
		{91C3EDCE-0022-4BFB-B398-B4EED380BE34} = {50F0F1F1-B8F9-44E1-92A0-915C06ABD6DA}
		{0DAF6173-82B2-441D-B263-5404BE927420} = {50F0F1F1-B8F9-44E1-92A0-915C06ABD6DA}
		{4C38276D-1501-48D1-A026-C54940FCD1B9} = {EC77AC06-63AF-469F-89B4-0F40976C5992}
		{5241A61F-D578-43AF-BCBC-9A272EF3869E} = {F6BA5B8D-F2CC-4801-A479-82C118A94634}
		{9D30CD92-18AD-4E95-8609-500CF8526DD7} = {F6BA5B8D-F2CC-4801-A479-82C118A94634}
		{F29BF9BE-5E64-4889-B0A2-11EADB177406} = {3930E728-4941-4210-8100-A065DC71E9BF}
		{7A8A8AA1-427F-4C98-ACA8-80E110469530} = {EC77AC06-63AF-469F-89B4-0F40976C5992}
		{4B6F1526-693B-4AB7-8231-C5A149C28C73} = {3930E728-4941-4210-8100-A065DC71E9BF}
	EndGlobalSection
EndGlobal
